
Microsoft Visual Studio Solution File, Format Version 12.00
# Visual Studio Version 17
VisualStudioVersion = 17.13.35818.85
MinimumVisualStudioVersion = 10.0.40219.1
Project("{FAE04EC0-301F-11D3-BF4B-00C04F79EFBC}") = "HerhalingIdee_Domain", "HerhalingIdee_Domain\HerhalingIdee_Domain.csproj", "{FE5F9C1F-AFC2-4A37-BC33-70696B4A1DC5}"
EndProject
Project("{FAE04EC0-301F-11D3-BF4B-00C04F79EFBC}") = "HerhalingIdee_console", "HerhalingIdee_console\HerhalingIdee_console.csproj", "{2DB3965E-0972-4FE4-93AD-D7359E89EA4C}"
EndProject
Project("{FAE04EC0-301F-11D3-BF4B-00C04F79EFBC}") = "Herhaling_Idee_Web", "Herhaling_Idee_Web\Herhaling_Idee_Web.csproj", "{4FF82AE5-BF6C-4F6C-863E-8E502320CA75}"
EndProject
Global
	GlobalSection(SolutionConfigurationPlatforms) = preSolution
		Debug|Any CPU = Debug|Any CPU
		Release|Any CPU = Release|Any CPU
	EndGlobalSection
	GlobalSection(ProjectConfigurationPlatforms) = postSolution
		{FE5F9C1F-AFC2-4A37-BC33-70696B4A1DC5}.Debug|Any CPU.ActiveCfg = Debug|Any CPU
		{FE5F9C1F-AFC2-4A37-BC33-70696B4A1DC5}.Debug|Any CPU.Build.0 = Debug|Any CPU
		{FE5F9C1F-AFC2-4A37-BC33-70696B4A1DC5}.Release|Any CPU.ActiveCfg = Release|Any CPU
		{FE5F9C1F-AFC2-4A37-BC33-70696B4A1DC5}.Release|Any CPU.Build.0 = Release|Any CPU
		{2DB3965E-0972-4FE4-93AD-D7359E89EA4C}.Debug|Any CPU.ActiveCfg = Debug|Any CPU
		{2DB3965E-0972-4FE4-93AD-D7359E89EA4C}.Debug|Any CPU.Build.0 = Debug|Any CPU
		{2DB3965E-0972-4FE4-93AD-D7359E89EA4C}.Release|Any CPU.ActiveCfg = Release|Any CPU
		{2DB3965E-0972-4FE4-93AD-D7359E89EA4C}.Release|Any CPU.Build.0 = Release|Any CPU
		{4FF82AE5-BF6C-4F6C-863E-8E502320CA75}.Debug|Any CPU.ActiveCfg = Debug|Any CPU
		{4FF82AE5-BF6C-4F6C-863E-8E502320CA75}.Debug|Any CPU.Build.0 = Debug|Any CPU
		{4FF82AE5-BF6C-4F6C-863E-8E502320CA75}.Release|Any CPU.ActiveCfg = Release|Any CPU
		{4FF82AE5-BF6C-4F6C-863E-8E502320CA75}.Release|Any CPU.Build.0 = Release|Any CPU
	EndGlobalSection
	GlobalSection(SolutionProperties) = preSolution
		HideSolutionNode = FALSE
	EndGlobalSection
	GlobalSection(ExtensibilityGlobals) = postSolution
		SolutionGuid = {489FE6F2-9D92-4150-BACA-4DA5B6B8FA82}
	EndGlobalSection
EndGlobal
